
Microsoft Visual Studio Solution File, Format Version 12.00
# Visual Studio Version 17
VisualStudioVersion = 17.7.34024.191
MinimumVisualStudioVersion = 10.0.40219.1
Project("{FAE04EC0-301F-11D3-BF4B-00C04F79EFBC}") = "WindowsFormsApp1", "WindowsFormsApp1\WindowsFormsApp1.csproj", "{609406E8-1230-4840-893A-A887954137DB}"
EndProject
Global
	GlobalSection(SolutionConfigurationPlatforms) = preSolution
		Debug|Any CPU = Debug|Any CPU
		Release|Any CPU = Release|Any CPU
	EndGlobalSection
	GlobalSection(ProjectConfigurationPlatforms) = postSolution
		{609406E8-1230-4840-893A-A887954137DB}.Debug|Any CPU.ActiveCfg = Debug|Any CPU
		{609406E8-1230-4840-893A-A887954137DB}.Debug|Any CPU.Build.0 = Debug|Any CPU
		{609406E8-1230-4840-893A-A887954137DB}.Release|Any CPU.ActiveCfg = Release|Any CPU
		{609406E8-1230-4840-893A-A887954137DB}.Release|Any CPU.Build.0 = Release|Any CPU
	EndGlobalSection
	GlobalSection(SolutionProperties) = preSolution
		HideSolutionNode = FALSE
	EndGlobalSection
	GlobalSection(ExtensibilityGlobals) = postSolution
		SolutionGuid = {C47AEB54-BA05-4A54-8994-E97803E6D08D}
	EndGlobalSection
EndGlobal
